<Solution>
  <Folder Name="/Aspire/">
    <Project Path="Aspire/NexGrades.AppHost/NexGrades.AppHost.csproj" />
  </Folder>
  <Folder Name="/Solution Items/">
    <File Path="Directory.Build.props" />
    <File Path="Directory.Packages.props" />
  </Folder>
  <Project Path="NexGrades.App/NexGrades.App.csproj" />
  <Project Path="NexGrades.Common/NexGrades.Common.csproj" />
  <Project Path="NexGrades.Data/NexGrades.Data.csproj" />
  <Project Path="NexGrades.Domain/NexGrades.Domain.csproj" />
</Solution>
