
Microsoft Visual Studio Solution File, Format Version 12.00
# Visual Studio Version 17
VisualStudioVersion = 17.13.35825.156
MinimumVisualStudioVersion = 10.0.40219.1
Project("{FAE04EC0-301F-11D3-BF4B-00C04F79EFBC}") = "NexGrades.App", "NexGrades.App\NexGrades.App.csproj", "{19A638A5-3B76-4F75-A5E5-6C4FD096DC7F}"
EndProject
Project("{FAE04EC0-301F-11D3-BF4B-00C04F79EFBC}") = "NexGrades.Common", "NexGrades.Common\NexGrades.Common.csproj", "{A9DA319D-B323-464A-B531-907CF24592F2}"
EndProject
Project("{FAE04EC0-301F-11D3-BF4B-00C04F79EFBC}") = "NexGrades.Domain", "NexGrades.Domain\NexGrades.Domain.csproj", "{CDE0C5FF-F43C-4E7A-9EFF-CEFEFD18B87A}"
EndProject
Project("{FAE04EC0-301F-11D3-BF4B-00C04F79EFBC}") = "NexGrades.Data", "NexGrades.Data\NexGrades.Data.csproj", "{7E169479-A4BF-42DC-A790-038BE8253D5E}"
EndProject
Project("{2150E333-8FDC-42A3-9474-1A3956D46DE8}") = "Aspire", "Aspire", "{02EA681E-C7D8-13C7-8484-4AC65E1B71E8}"
EndProject
Project("{FAE04EC0-301F-11D3-BF4B-00C04F79EFBC}") = "NexGrades.AppHost", "Aspire\NexGrades.AppHost\NexGrades.AppHost.csproj", "{A60F4232-41FF-4824-A9B0-C204A0C5C821}"
EndProject
Project("{FAE04EC0-301F-11D3-BF4B-00C04F79EFBC}") = "NexGrades.ServiceDefaults", "Aspire\NexGrades.ServiceDefaults\NexGrades.ServiceDefaults.csproj", "{A96758F7-CBF1-49C4-85DF-3873BE0D8A4C}"
EndProject
Global
	GlobalSection(SolutionConfigurationPlatforms) = preSolution
		Debug|Any CPU = Debug|Any CPU
		Release|Any CPU = Release|Any CPU
	EndGlobalSection
	GlobalSection(ProjectConfigurationPlatforms) = postSolution
		{19A638A5-3B76-4F75-A5E5-6C4FD096DC7F}.Debug|Any CPU.ActiveCfg = Debug|Any CPU
		{19A638A5-3B76-4F75-A5E5-6C4FD096DC7F}.Debug|Any CPU.Build.0 = Debug|Any CPU
		{19A638A5-3B76-4F75-A5E5-6C4FD096DC7F}.Release|Any CPU.ActiveCfg = Release|Any CPU
		{19A638A5-3B76-4F75-A5E5-6C4FD096DC7F}.Release|Any CPU.Build.0 = Release|Any CPU
		{A9DA319D-B323-464A-B531-907CF24592F2}.Debug|Any CPU.ActiveCfg = Debug|Any CPU
		{A9DA319D-B323-464A-B531-907CF24592F2}.Debug|Any CPU.Build.0 = Debug|Any CPU
		{A9DA319D-B323-464A-B531-907CF24592F2}.Release|Any CPU.ActiveCfg = Release|Any CPU
		{A9DA319D-B323-464A-B531-907CF24592F2}.Release|Any CPU.Build.0 = Release|Any CPU
		{CDE0C5FF-F43C-4E7A-9EFF-CEFEFD18B87A}.Debug|Any CPU.ActiveCfg = Debug|Any CPU
		{CDE0C5FF-F43C-4E7A-9EFF-CEFEFD18B87A}.Debug|Any CPU.Build.0 = Debug|Any CPU
		{CDE0C5FF-F43C-4E7A-9EFF-CEFEFD18B87A}.Release|Any CPU.ActiveCfg = Release|Any CPU
		{CDE0C5FF-F43C-4E7A-9EFF-CEFEFD18B87A}.Release|Any CPU.Build.0 = Release|Any CPU
		{7E169479-A4BF-42DC-A790-038BE8253D5E}.Debug|Any CPU.ActiveCfg = Debug|Any CPU
		{7E169479-A4BF-42DC-A790-038BE8253D5E}.Debug|Any CPU.Build.0 = Debug|Any CPU
		{7E169479-A4BF-42DC-A790-038BE8253D5E}.Release|Any CPU.ActiveCfg = Release|Any CPU
		{7E169479-A4BF-42DC-A790-038BE8253D5E}.Release|Any CPU.Build.0 = Release|Any CPU
		{A60F4232-41FF-4824-A9B0-C204A0C5C821}.Debug|Any CPU.ActiveCfg = Debug|Any CPU
		{A60F4232-41FF-4824-A9B0-C204A0C5C821}.Debug|Any CPU.Build.0 = Debug|Any CPU
		{A60F4232-41FF-4824-A9B0-C204A0C5C821}.Release|Any CPU.ActiveCfg = Release|Any CPU
		{A60F4232-41FF-4824-A9B0-C204A0C5C821}.Release|Any CPU.Build.0 = Release|Any CPU
		{A96758F7-CBF1-49C4-85DF-3873BE0D8A4C}.Debug|Any CPU.ActiveCfg = Debug|Any CPU
		{A96758F7-CBF1-49C4-85DF-3873BE0D8A4C}.Debug|Any CPU.Build.0 = Debug|Any CPU
		{A96758F7-CBF1-49C4-85DF-3873BE0D8A4C}.Release|Any CPU.ActiveCfg = Release|Any CPU
		{A96758F7-CBF1-49C4-85DF-3873BE0D8A4C}.Release|Any CPU.Build.0 = Release|Any CPU
	EndGlobalSection
	GlobalSection(SolutionProperties) = preSolution
		HideSolutionNode = FALSE
	EndGlobalSection
	GlobalSection(NestedProjects) = preSolution
		{A60F4232-41FF-4824-A9B0-C204A0C5C821} = {02EA681E-C7D8-13C7-8484-4AC65E1B71E8}
		{A96758F7-CBF1-49C4-85DF-3873BE0D8A4C} = {02EA681E-C7D8-13C7-8484-4AC65E1B71E8}
	EndGlobalSection
	GlobalSection(ExtensibilityGlobals) = postSolution
		SolutionGuid = {F33998EE-EF97-4000-843B-97B91455E735}
	EndGlobalSection
EndGlobal
